// !$*UTF8*$!
{
	archiveVersion = 1;
	classes = {
	};
	objectVersion = 46;
	objects = {

/* Begin PBXBuildFile section */
		D80C274A1C57F7E000852763 /* ZScaleVerticalAnimationController.swift in Sources */ = {isa = PBXBuildFile; fileRef = D80C27491C57F7E000852763 /* ZScaleVerticalAnimationController.swift */; };
		D80C274C1C57F9B500852763 /* SettingsViewController.swift in Sources */ = {isa = PBXBuildFile; fileRef = D80C274B1C57F9B500852763 /* SettingsViewController.swift */; };
		D84209DA1C5AA58C00F0125F /* SettingsCollectionViewController.swift in Sources */ = {isa = PBXBuildFile; fileRef = D84209D91C5AA58C00F0125F /* SettingsCollectionViewController.swift */; };
		D84209DC1C5AA65900F0125F /* SettingsCell.swift in Sources */ = {isa = PBXBuildFile; fileRef = D84209DB1C5AA65900F0125F /* SettingsCell.swift */; };
		D85186BF1C558DA6009C0CA4 /* AppDelegate.swift in Sources */ = {isa = PBXBuildFile; fileRef = D85186BE1C558DA6009C0CA4 /* AppDelegate.swift */; };
		D85186C11C558DA6009C0CA4 /* TimerViewController.swift in Sources */ = {isa = PBXBuildFile; fileRef = D85186C01C558DA6009C0CA4 /* TimerViewController.swift */; };
		D85186C41C558DA6009C0CA4 /* Main.storyboard in Resources */ = {isa = PBXBuildFile; fileRef = D85186C21C558DA6009C0CA4 /* Main.storyboard */; };
		D85186C61C558DA6009C0CA4 /* Assets.xcassets in Resources */ = {isa = PBXBuildFile; fileRef = D85186C51C558DA6009C0CA4 /* Assets.xcassets */; };
		D85186D11C558DA6009C0CA4 /* tvOSTimerTests.swift in Sources */ = {isa = PBXBuildFile; fileRef = D85186D01C558DA6009C0CA4 /* tvOSTimerTests.swift */; };
		D85186DC1C558DA6009C0CA4 /* tvOSTimerUITests.swift in Sources */ = {isa = PBXBuildFile; fileRef = D85186DB1C558DA6009C0CA4 /* tvOSTimerUITests.swift */; };
/* End PBXBuildFile section */

/* Begin PBXContainerItemProxy section */
		D85186CD1C558DA6009C0CA4 /* PBXContainerItemProxy */ = {
			isa = PBXContainerItemProxy;
			containerPortal = D85186B31C558DA6009C0CA4 /* Project object */;
			proxyType = 1;
			remoteGlobalIDString = D85186BA1C558DA6009C0CA4;
			remoteInfo = tvOSTimer;
		};
		D85186D81C558DA6009C0CA4 /* PBXContainerItemProxy */ = {
			isa = PBXContainerItemProxy;
			containerPortal = D85186B31C558DA6009C0CA4 /* Project object */;
			proxyType = 1;
			remoteGlobalIDString = D85186BA1C558DA6009C0CA4;
			remoteInfo = tvOSTimer;
		};
/* End PBXContainerItemProxy section */

/* Begin PBXFileReference section */
		D80C27491C57F7E000852763 /* ZScaleVerticalAnimationController.swift */ = {isa = PBXFileReference; fileEncoding = 4; lastKnownFileType = sourcecode.swift; path = ZScaleVerticalAnimationController.swift; sourceTree = "<group>"; };
		D80C274B1C57F9B500852763 /* SettingsViewController.swift */ = {isa = PBXFileReference; fileEncoding = 4; lastKnownFileType = sourcecode.swift; path = SettingsViewController.swift; sourceTree = "<group>"; };
		D84209D91C5AA58C00F0125F /* SettingsCollectionViewController.swift */ = {isa = PBXFileReference; fileEncoding = 4; lastKnownFileType = sourcecode.swift; path = SettingsCollectionViewController.swift; sourceTree = "<group>"; };
		D84209DB1C5AA65900F0125F /* SettingsCell.swift */ = {isa = PBXFileReference; fileEncoding = 4; lastKnownFileType = sourcecode.swift; path = SettingsCell.swift; sourceTree = "<group>"; };
		D85186BB1C558DA6009C0CA4 /* tvOSTimer.app */ = {isa = PBXFileReference; explicitFileType = wrapper.application; includeInIndex = 0; path = tvOSTimer.app; sourceTree = BUILT_PRODUCTS_DIR; };
		D85186BE1C558DA6009C0CA4 /* AppDelegate.swift */ = {isa = PBXFileReference; lastKnownFileType = sourcecode.swift; path = AppDelegate.swift; sourceTree = "<group>"; };
		D85186C01C558DA6009C0CA4 /* TimerViewController.swift */ = {isa = PBXFileReference; lastKnownFileType = sourcecode.swift; path = TimerViewController.swift; sourceTree = "<group>"; };
		D85186C31C558DA6009C0CA4 /* Base */ = {isa = PBXFileReference; lastKnownFileType = file.storyboard; name = Base; path = Base.lproj/Main.storyboard; sourceTree = "<group>"; };
		D85186C51C558DA6009C0CA4 /* Assets.xcassets */ = {isa = PBXFileReference; lastKnownFileType = folder.assetcatalog; path = Assets.xcassets; sourceTree = "<group>"; };
		D85186C71C558DA6009C0CA4 /* Info.plist */ = {isa = PBXFileReference; lastKnownFileType = text.plist.xml; path = Info.plist; sourceTree = "<group>"; };
		D85186CC1C558DA6009C0CA4 /* tvOSTimerTests.xctest */ = {isa = PBXFileReference; explicitFileType = wrapper.cfbundle; includeInIndex = 0; path = tvOSTimerTests.xctest; sourceTree = BUILT_PRODUCTS_DIR; };
		D85186D01C558DA6009C0CA4 /* tvOSTimerTests.swift */ = {isa = PBXFileReference; lastKnownFileType = sourcecode.swift; path = tvOSTimerTests.swift; sourceTree = "<group>"; };
		D85186D21C558DA6009C0CA4 /* Info.plist */ = {isa = PBXFileReference; lastKnownFileType = text.plist.xml; path = Info.plist; sourceTree = "<group>"; };
		D85186D71C558DA6009C0CA4 /* tvOSTimerUITests.xctest */ = {isa = PBXFileReference; explicitFileType = wrapper.cfbundle; includeInIndex = 0; path = tvOSTimerUITests.xctest; sourceTree = BUILT_PRODUCTS_DIR; };
		D85186DB1C558DA6009C0CA4 /* tvOSTimerUITests.swift */ = {isa = PBXFileReference; lastKnownFileType = sourcecode.swift; path = tvOSTimerUITests.swift; sourceTree = "<group>"; };
		D85186DD1C558DA6009C0CA4 /* Info.plist */ = {isa = PBXFileReference; lastKnownFileType = text.plist.xml; path = Info.plist; sourceTree = "<group>"; };
/* End PBXFileReference section */

/* Begin PBXFrameworksBuildPhase section */
		D85186B81C558DA6009C0CA4 /* Frameworks */ = {
			isa = PBXFrameworksBuildPhase;
			buildActionMask = 2147483647;
			files = (
			);
			runOnlyForDeploymentPostprocessing = 0;
		};
		D85186C91C558DA6009C0CA4 /* Frameworks */ = {
			isa = PBXFrameworksBuildPhase;
			buildActionMask = 2147483647;
			files = (
			);
			runOnlyForDeploymentPostprocessing = 0;
		};
		D85186D41C558DA6009C0CA4 /* Frameworks */ = {
			isa = PBXFrameworksBuildPhase;
			buildActionMask = 2147483647;
			files = (
			);
			runOnlyForDeploymentPostprocessing = 0;
		};
/* End PBXFrameworksBuildPhase section */

/* Begin PBXGroup section */
		D85186B21C558DA6009C0CA4 = {
			isa = PBXGroup;
			children = (
				D85186BD1C558DA6009C0CA4 /* tvOSTimer */,
				D85186CF1C558DA6009C0CA4 /* tvOSTimerTests */,
				D85186DA1C558DA6009C0CA4 /* tvOSTimerUITests */,
				D85186BC1C558DA6009C0CA4 /* Products */,
			);
			sourceTree = "<group>";
		};
		D85186BC1C558DA6009C0CA4 /* Products */ = {
			isa = PBXGroup;
			children = (
				D85186BB1C558DA6009C0CA4 /* tvOSTimer.app */,
				D85186CC1C558DA6009C0CA4 /* tvOSTimerTests.xctest */,
				D85186D71C558DA6009C0CA4 /* tvOSTimerUITests.xctest */,
			);
			name = Products;
			sourceTree = "<group>";
		};
		D85186BD1C558DA6009C0CA4 /* tvOSTimer */ = {
			isa = PBXGroup;
			children = (
				D85186BE1C558DA6009C0CA4 /* AppDelegate.swift */,
				D85186C01C558DA6009C0CA4 /* TimerViewController.swift */,
				D80C27491C57F7E000852763 /* ZScaleVerticalAnimationController.swift */,
				D84209D91C5AA58C00F0125F /* SettingsCollectionViewController.swift */,
				D84209DB1C5AA65900F0125F /* SettingsCell.swift */,
				D80C274B1C57F9B500852763 /* SettingsViewController.swift */,
				D85186C21C558DA6009C0CA4 /* Main.storyboard */,
				D85186C51C558DA6009C0CA4 /* Assets.xcassets */,
				D85186C71C558DA6009C0CA4 /* Info.plist */,
			);
			path = tvOSTimer;
			sourceTree = "<group>";
		};
		D85186CF1C558DA6009C0CA4 /* tvOSTimerTests */ = {
			isa = PBXGroup;
			children = (
				D85186D01C558DA6009C0CA4 /* tvOSTimerTests.swift */,
				D85186D21C558DA6009C0CA4 /* Info.plist */,
			);
			path = tvOSTimerTests;
			sourceTree = "<group>";
		};
		D85186DA1C558DA6009C0CA4 /* tvOSTimerUITests */ = {
			isa = PBXGroup;
			children = (
				D85186DB1C558DA6009C0CA4 /* tvOSTimerUITests.swift */,
				D85186DD1C558DA6009C0CA4 /* Info.plist */,
			);
			path = tvOSTimerUITests;
			sourceTree = "<group>";
		};
/* End PBXGroup section */

/* Begin PBXNativeTarget section */
		D85186BA1C558DA6009C0CA4 /* tvOSTimer */ = {
			isa = PBXNativeTarget;
			buildConfigurationList = D85186E01C558DA6009C0CA4 /* Build configuration list for PBXNativeTarget "tvOSTimer" */;
			buildPhases = (
				D85186B71C558DA6009C0CA4 /* Sources */,
				D85186B81C558DA6009C0CA4 /* Frameworks */,
				D85186B91C558DA6009C0CA4 /* Resources */,
			);
			buildRules = (
			);
			dependencies = (
			);
			name = tvOSTimer;
			productName = tvOSTimer;
			productReference = D85186BB1C558DA6009C0CA4 /* tvOSTimer.app */;
			productType = "com.apple.product-type.application";
		};
		D85186CB1C558DA6009C0CA4 /* tvOSTimerTests */ = {
			isa = PBXNativeTarget;
			buildConfigurationList = D85186E31C558DA6009C0CA4 /* Build configuration list for PBXNativeTarget "tvOSTimerTests" */;
			buildPhases = (
				D85186C81C558DA6009C0CA4 /* Sources */,
				D85186C91C558DA6009C0CA4 /* Frameworks */,
				D85186CA1C558DA6009C0CA4 /* Resources */,
			);
			buildRules = (
			);
			dependencies = (
				D85186CE1C558DA6009C0CA4 /* PBXTargetDependency */,
			);
			name = tvOSTimerTests;
			productName = tvOSTimerTests;
			productReference = D85186CC1C558DA6009C0CA4 /* tvOSTimerTests.xctest */;
			productType = "com.apple.product-type.bundle.unit-test";
		};
		D85186D61C558DA6009C0CA4 /* tvOSTimerUITests */ = {
			isa = PBXNativeTarget;
			buildConfigurationList = D85186E61C558DA6009C0CA4 /* Build configuration list for PBXNativeTarget "tvOSTimerUITests" */;
			buildPhases = (
				D85186D31C558DA6009C0CA4 /* Sources */,
				D85186D41C558DA6009C0CA4 /* Frameworks */,
				D85186D51C558DA6009C0CA4 /* Resources */,
			);
			buildRules = (
			);
			dependencies = (
				D85186D91C558DA6009C0CA4 /* PBXTargetDependency */,
			);
			name = tvOSTimerUITests;
			productName = tvOSTimerUITests;
			productReference = D85186D71C558DA6009C0CA4 /* tvOSTimerUITests.xctest */;
			productType = "com.apple.product-type.bundle.ui-testing";
		};
/* End PBXNativeTarget section */

/* Begin PBXProject section */
		D85186B31C558DA6009C0CA4 /* Project object */ = {
			isa = PBXProject;
			attributes = {
				LastSwiftUpdateCheck = 0720;
				LastUpgradeCheck = 0720;
				ORGANIZATIONNAME = "Joe Rocca";
				TargetAttributes = {
					D85186BA1C558DA6009C0CA4 = {
						CreatedOnToolsVersion = 7.2;
					};
					D85186CB1C558DA6009C0CA4 = {
						CreatedOnToolsVersion = 7.2;
						TestTargetID = D85186BA1C558DA6009C0CA4;
					};
					D85186D61C558DA6009C0CA4 = {
						CreatedOnToolsVersion = 7.2;
						TestTargetID = D85186BA1C558DA6009C0CA4;
					};
				};
			};
			buildConfigurationList = D85186B61C558DA6009C0CA4 /* Build configuration list for PBXProject "tvOSTimer" */;
			compatibilityVersion = "Xcode 3.2";
			developmentRegion = English;
			hasScannedForEncodings = 0;
			knownRegions = (
				en,
				Base,
			);
			mainGroup = D85186B21C558DA6009C0CA4;
			productRefGroup = D85186BC1C558DA6009C0CA4 /* Products */;
			projectDirPath = "";
			projectRoot = "";
			targets = (
				D85186BA1C558DA6009C0CA4 /* tvOSTimer */,
				D85186CB1C558DA6009C0CA4 /* tvOSTimerTests */,
				D85186D61C558DA6009C0CA4 /* tvOSTimerUITests */,
			);
		};
/* End PBXProject section */

/* Begin PBXResourcesBuildPhase section */
		D85186B91C558DA6009C0CA4 /* Resources */ = {
			isa = PBXResourcesBuildPhase;
			buildActionMask = 2147483647;
			files = (
				D85186C61C558DA6009C0CA4 /* Assets.xcassets in Resources */,
				D85186C41C558DA6009C0CA4 /* Main.storyboard in Resources */,
			);
			runOnlyForDeploymentPostprocessing = 0;
		};
		D85186CA1C558DA6009C0CA4 /* Resources */ = {
			isa = PBXResourcesBuildPhase;
			buildActionMask = 2147483647;
			files = (
			);
			runOnlyForDeploymentPostprocessing = 0;
		};
		D85186D51C558DA6009C0CA4 /* Resources */ = {
			isa = PBXResourcesBuildPhase;
			buildActionMask = 2147483647;
			files = (
			);
			runOnlyForDeploymentPostprocessing = 0;
		};
/* End PBXResourcesBuildPhase section */

/* Begin PBXSourcesBuildPhase section */
		D85186B71C558DA6009C0CA4 /* Sources */ = {
			isa = PBXSourcesBuildPhase;
			buildActionMask = 2147483647;
			files = (
				D85186C11C558DA6009C0CA4 /* TimerViewController.swift in Sources */,
				D85186BF1C558DA6009C0CA4 /* AppDelegate.swift in Sources */,
				D84209DC1C5AA65900F0125F /* SettingsCell.swift in Sources */,
				D84209DA1C5AA58C00F0125F /* SettingsCollectionViewController.swift in Sources */,
				D80C274A1C57F7E000852763 /* ZScaleVerticalAnimationController.swift in Sources */,
				D80C274C1C57F9B500852763 /* SettingsViewController.swift in Sources */,
			);
			runOnlyForDeploymentPostprocessing = 0;
		};
		D85186C81C558DA6009C0CA4 /* Sources */ = {
			isa = PBXSourcesBuildPhase;
			buildActionMask = 2147483647;
			files = (
				D85186D11C558DA6009C0CA4 /* tvOSTimerTests.swift in Sources */,
			);
			runOnlyForDeploymentPostprocessing = 0;
		};
		D85186D31C558DA6009C0CA4 /* Sources */ = {
			isa = PBXSourcesBuildPhase;
			buildActionMask = 2147483647;
			files = (
				D85186DC1C558DA6009C0CA4 /* tvOSTimerUITests.swift in Sources */,
			);
			runOnlyForDeploymentPostprocessing = 0;
		};
/* End PBXSourcesBuildPhase section */

/* Begin PBXTargetDependency section */
		D85186CE1C558DA6009C0CA4 /* PBXTargetDependency */ = {
			isa = PBXTargetDependency;
			target = D85186BA1C558DA6009C0CA4 /* tvOSTimer */;
			targetProxy = D85186CD1C558DA6009C0CA4 /* PBXContainerItemProxy */;
		};
		D85186D91C558DA6009C0CA4 /* PBXTargetDependency */ = {
			isa = PBXTargetDependency;
			target = D85186BA1C558DA6009C0CA4 /* tvOSTimer */;
			targetProxy = D85186D81C558DA6009C0CA4 /* PBXContainerItemProxy */;
		};
/* End PBXTargetDependency section */

/* Begin PBXVariantGroup section */
		D85186C21C558DA6009C0CA4 /* Main.storyboard */ = {
			isa = PBXVariantGroup;
			children = (
				D85186C31C558DA6009C0CA4 /* Base */,
			);
			name = Main.storyboard;
			sourceTree = "<group>";
		};
/* End PBXVariantGroup section */

/* Begin XCBuildConfiguration section */
		D85186DE1C558DA6009C0CA4 /* Debug */ = {
			isa = XCBuildConfiguration;
			buildSettings = {
				ALWAYS_SEARCH_USER_PATHS = NO;
				CLANG_CXX_LANGUAGE_STANDARD = "gnu++0x";
				CLANG_CXX_LIBRARY = "libc++";
				CLANG_ENABLE_MODULES = YES;
				CLANG_ENABLE_OBJC_ARC = YES;
				CLANG_WARN_BOOL_CONVERSION = YES;
				CLANG_WARN_CONSTANT_CONVERSION = YES;
				CLANG_WARN_DIRECT_OBJC_ISA_USAGE = YES_ERROR;
				CLANG_WARN_EMPTY_BODY = YES;
				CLANG_WARN_ENUM_CONVERSION = YES;
				CLANG_WARN_INT_CONVERSION = YES;
				CLANG_WARN_OBJC_ROOT_CLASS = YES_ERROR;
				CLANG_WARN_UNREACHABLE_CODE = YES;
				CLANG_WARN__DUPLICATE_METHOD_MATCH = YES;
				COPY_PHASE_STRIP = NO;
				DEBUG_INFORMATION_FORMAT = dwarf;
				ENABLE_STRICT_OBJC_MSGSEND = YES;
				ENABLE_TESTABILITY = YES;
				GCC_C_LANGUAGE_STANDARD = gnu99;
				GCC_DYNAMIC_NO_PIC = NO;
				GCC_NO_COMMON_BLOCKS = YES;
				GCC_OPTIMIZATION_LEVEL = 0;
				GCC_PREPROCESSOR_DEFINITIONS = (
					"DEBUG=1",
					"$(inherited)",
				);
				GCC_WARN_64_TO_32_BIT_CONVERSION = YES;
				GCC_WARN_ABOUT_RETURN_TYPE = YES_ERROR;
				GCC_WARN_UNDECLARED_SELECTOR = YES;
				GCC_WARN_UNINITIALIZED_AUTOS = YES_AGGRESSIVE;
				GCC_WARN_UNUSED_FUNCTION = YES;
				GCC_WARN_UNUSED_VARIABLE = YES;
				MTL_ENABLE_DEBUG_INFO = YES;
				ONLY_ACTIVE_ARCH = YES;
				SDKROOT = appletvos;
				SWIFT_OPTIMIZATION_LEVEL = "-Onone";
				TARGETED_DEVICE_FAMILY = 3;
				TVOS_DEPLOYMENT_TARGET = 9.1;
			};
			name = Debug;
		};
		D85186DF1C558DA6009C0CA4 /* Release */ = {
			isa = XCBuildConfiguration;
			buildSettings = {
				ALWAYS_SEARCH_USER_PATHS = NO;
				CLANG_CXX_LANGUAGE_STANDARD = "gnu++0x";
				CLANG_CXX_LIBRARY = "libc++";
				CLANG_ENABLE_MODULES = YES;
				CLANG_ENABLE_OBJC_ARC = YES;
				CLANG_WARN_BOOL_CONVERSION = YES;
				CLANG_WARN_CONSTANT_CONVERSION = YES;
				CLANG_WARN_DIRECT_OBJC_ISA_USAGE = YES_ERROR;
				CLANG_WARN_EMPTY_BODY = YES;
				CLANG_WARN_ENUM_CONVERSION = YES;
				CLANG_WARN_INT_CONVERSION = YES;
				CLANG_WARN_OBJC_ROOT_CLASS = YES_ERROR;
				CLANG_WARN_UNREACHABLE_CODE = YES;
				CLANG_WARN__DUPLICATE_METHOD_MATCH = YES;
				COPY_PHASE_STRIP = NO;
				DEBUG_INFORMATION_FORMAT = "dwarf-with-dsym";
				ENABLE_NS_ASSERTIONS = NO;
				ENABLE_STRICT_OBJC_MSGSEND = YES;
				GCC_C_LANGUAGE_STANDARD = gnu99;
				GCC_NO_COMMON_BLOCKS = YES;
				GCC_WARN_64_TO_32_BIT_CONVERSION = YES;
				GCC_WARN_ABOUT_RETURN_TYPE = YES_ERROR;
				GCC_WARN_UNDECLARED_SELECTOR = YES;
				GCC_WARN_UNINITIALIZED_AUTOS = YES_AGGRESSIVE;
				GCC_WARN_UNUSED_FUNCTION = YES;
				GCC_WARN_UNUSED_VARIABLE = YES;
				MTL_ENABLE_DEBUG_INFO = NO;
				SDKROOT = appletvos;
				TARGETED_DEVICE_FAMILY = 3;
				TVOS_DEPLOYMENT_TARGET = 9.1;
				VALIDATE_PRODUCT = YES;
			};
			name = Release;
		};
		D85186E11C558DA6009C0CA4 /* Debug */ = {
			isa = XCBuildConfiguration;
			buildSettings = {
				ASSETCATALOG_COMPILER_APPICON_NAME = "App Icon & Top Shelf Image";
				ASSETCATALOG_COMPILER_LAUNCHIMAGE_NAME = LaunchImage;
				INFOPLIST_FILE = tvOSTimer/Info.plist;
				LD_RUNPATH_SEARCH_PATHS = "$(inherited) @executable_path/Frameworks";
				PRODUCT_BUNDLE_IDENTIFIER = com.joerocca.tvOSTimer.tvOSTimer;
				PRODUCT_NAME = "$(TARGET_NAME)";
			};
			name = Debug;
		};
		D85186E21C558DA6009C0CA4 /* Release */ = {
			isa = XCBuildConfiguration;
			buildSettings = {
				ASSETCATALOG_COMPILER_APPICON_NAME = "App Icon & Top Shelf Image";
				ASSETCATALOG_COMPILER_LAUNCHIMAGE_NAME = LaunchImage;
				INFOPLIST_FILE = tvOSTimer/Info.plist;
				LD_RUNPATH_SEARCH_PATHS = "$(inherited) @executable_path/Frameworks";
				PRODUCT_BUNDLE_IDENTIFIER = com.joerocca.tvOSTimer.tvOSTimer;
				PRODUCT_NAME = "$(TARGET_NAME)";
			};
			name = Release;
		};
		D85186E41C558DA6009C0CA4 /* Debug */ = {
			isa = XCBuildConfiguration;
			buildSettings = {
				BUNDLE_LOADER = "$(TEST_HOST)";
				INFOPLIST_FILE = tvOSTimerTests/Info.plist;
				LD_RUNPATH_SEARCH_PATHS = "$(inherited) @executable_path/Frameworks @loader_path/Frameworks";
				PRODUCT_BUNDLE_IDENTIFIER = com.joerocca.tvOSTimer.tvOSTimerTests;
				PRODUCT_NAME = "$(TARGET_NAME)";
				TEST_HOST = "$(BUILT_PRODUCTS_DIR)/tvOSTimer.app/tvOSTimer";
			};
			name = Debug;
		};
		D85186E51C558DA6009C0CA4 /* Release */ = {
			isa = XCBuildConfiguration;
			buildSettings = {
				BUNDLE_LOADER = "$(TEST_HOST)";
				INFOPLIST_FILE = tvOSTimerTests/Info.plist;
				LD_RUNPATH_SEARCH_PATHS = "$(inherited) @executable_path/Frameworks @loader_path/Frameworks";
				PRODUCT_BUNDLE_IDENTIFIER = com.joerocca.tvOSTimer.tvOSTimerTests;
				PRODUCT_NAME = "$(TARGET_NAME)";
				TEST_HOST = "$(BUILT_PRODUCTS_DIR)/tvOSTimer.app/tvOSTimer";
			};
			name = Release;
		};
		D85186E71C558DA6009C0CA4 /* Debug */ = {
			isa = XCBuildConfiguration;
			buildSettings = {
				INFOPLIST_FILE = tvOSTimerUITests/Info.plist;
				LD_RUNPATH_SEARCH_PATHS = "$(inherited) @executable_path/Frameworks @loader_path/Frameworks";
				PRODUCT_BUNDLE_IDENTIFIER = com.joerocca.tvOSTimer.tvOSTimerUITests;
				PRODUCT_NAME = "$(TARGET_NAME)";
				TEST_TARGET_NAME = tvOSTimer;
				USES_XCTRUNNER = YES;
			};
			name = Debug;
		};
		D85186E81C558DA6009C0CA4 /* Release */ = {
			isa = XCBuildConfiguration;
			buildSettings = {
				INFOPLIST_FILE = tvOSTimerUITests/Info.plist;
				LD_RUNPATH_SEARCH_PATHS = "$(inherited) @executable_path/Frameworks @loader_path/Frameworks";
				PRODUCT_BUNDLE_IDENTIFIER = com.joerocca.tvOSTimer.tvOSTimerUITests;
				PRODUCT_NAME = "$(TARGET_NAME)";
				TEST_TARGET_NAME = tvOSTimer;
				USES_XCTRUNNER = YES;
			};
			name = Release;
		};
/* End XCBuildConfiguration section */

/* Begin XCConfigurationList section */
		D85186B61C558DA6009C0CA4 /* Build configuration list for PBXProject "tvOSTimer" */ = {
			isa = XCConfigurationList;
			buildConfigurations = (
				D85186DE1C558DA6009C0CA4 /* Debug */,
				D85186DF1C558DA6009C0CA4 /* Release */,
			);
			defaultConfigurationIsVisible = 0;
			defaultConfigurationName = Release;
		};
		D85186E01C558DA6009C0CA4 /* Build configuration list for PBXNativeTarget "tvOSTimer" */ = {
			isa = XCConfigurationList;
			buildConfigurations = (
				D85186E11C558DA6009C0CA4 /* Debug */,
				D85186E21C558DA6009C0CA4 /* Release */,
			);
			defaultConfigurationIsVisible = 0;
			defaultConfigurationName = Release;
		};
		D85186E31C558DA6009C0CA4 /* Build configuration list for PBXNativeTarget "tvOSTimerTests" */ = {
			isa = XCConfigurationList;
			buildConfigurations = (
				D85186E41C558DA6009C0CA4 /* Debug */,
				D85186E51C558DA6009C0CA4 /* Release */,
			);
			defaultConfigurationIsVisible = 0;
			defaultConfigurationName = Release;
		};
		D85186E61C558DA6009C0CA4 /* Build configuration list for PBXNativeTarget "tvOSTimerUITests" */ = {
			isa = XCConfigurationList;
			buildConfigurations = (
				D85186E71C558DA6009C0CA4 /* Debug */,
				D85186E81C558DA6009C0CA4 /* Release */,
			);
			defaultConfigurationIsVisible = 0;
			defaultConfigurationName = Release;
		};
/* End XCConfigurationList section */
	};
	rootObject = D85186B31C558DA6009C0CA4 /* Project object */;
}
